# This file is generated by running "yarn install" inside your project.
# Manual changes might be lost - proceed with caution!

__metadata:
  version: 10
  cacheKey: 10c0

"pnp-conditional@portal:./pnp-conditional::locator=rjest-pnp-fixture%40workspace%3A.":
  version: 0.0.0-use.local
  resolution: "pnp-conditional@portal:./pnp-conditional::locator=rjest-pnp-fixture%40workspace%3A."
  languageName: node
  linkType: soft

"pnp-mock-target@portal:./pnp-mock-target::locator=rjest-pnp-fixture%40workspace%3A.":
  version: 0.0.0-use.local
  resolution: "pnp-mock-target@portal:./pnp-mock-target::locator=rjest-pnp-fixture%40workspace%3A."
  languageName: node
  linkType: soft

"rjest-pnp-fixture@workspace:.":
  version: 0.0.0-use.local
  resolution: "rjest-pnp-fixture@workspace:."
  dependencies:
    pnp-conditional: "portal:./pnp-conditional"
    pnp-mock-target: "portal:./pnp-mock-target"
  languageName: unknown
  linkType: soft
